// !$*UTF8*$!
{
	archiveVersion = 1;
	classes = {
	};
	objectVersion = 48;
	objects = {

/* Begin PBXBuildFile section */
		630230141FDCE1B600B9747C /* AppDelegate.swift in Sources */ = {isa = PBXBuildFile; fileRef = 630230131FDCE1B600B9747C /* AppDelegate.swift */; };
		630230191FDCE1B600B9747C /* Main.storyboard in Resources */ = {isa = PBXBuildFile; fileRef = 630230171FDCE1B600B9747C /* Main.storyboard */; };
		6302301B1FDCE1B600B9747C /* Assets.xcassets in Resources */ = {isa = PBXBuildFile; fileRef = 6302301A1FDCE1B600B9747C /* Assets.xcassets */; };
		6302301E1FDCE1B600B9747C /* LaunchScreen.storyboard in Resources */ = {isa = PBXBuildFile; fileRef = 6302301C1FDCE1B600B9747C /* LaunchScreen.storyboard */; };
		630230271FDCE36100B9747C /* Constants.swift in Sources */ = {isa = PBXBuildFile; fileRef = 630230261FDCE36100B9747C /* Constants.swift */; };
		631E29C02013BAE10023E5F2 /* EditHabitViewController.swift in Sources */ = {isa = PBXBuildFile; fileRef = 631E29BF2013BAE10023E5F2 /* EditHabitViewController.swift */; };
		6342BF091FDCF239001E2D0C /* HabitViewController.swift in Sources */ = {isa = PBXBuildFile; fileRef = 6342BF081FDCF239001E2D0C /* HabitViewController.swift */; };
		6342BF0B1FDCF4C8001E2D0C /* TaskTableViewCell.swift in Sources */ = {isa = PBXBuildFile; fileRef = 6342BF0A1FDCF4C8001E2D0C /* TaskTableViewCell.swift */; };
		6342BF0E1FDCF778001E2D0C /* Task.swift in Sources */ = {isa = PBXBuildFile; fileRef = 6342BF0D1FDCF778001E2D0C /* Task.swift */; };
		639E167C1FDCFCAB007AACB2 /* AddTaskViewController.swift in Sources */ = {isa = PBXBuildFile; fileRef = 639E167B1FDCFCAB007AACB2 /* AddTaskViewController.swift */; };
		639E167F1FDD0553007AACB2 /* Extensions.swift in Sources */ = {isa = PBXBuildFile; fileRef = 639E167E1FDD0553007AACB2 /* Extensions.swift */; };
		639E16821FDD0D5B007AACB2 /* TaskProgressViewController.swift in Sources */ = {isa = PBXBuildFile; fileRef = 639E16811FDD0D5B007AACB2 /* TaskProgressViewController.swift */; };
		73F91FF3CBBA53B104FF476F /* Pods_Microdeadlines.framework in Frameworks */ = {isa = PBXBuildFile; fileRef = 04A9945848E874158E3C53B7 /* Pods_Microdeadlines.framework */; };
/* End PBXBuildFile section */

/* Begin PBXFileReference section */
		04A9945848E874158E3C53B7 /* Pods_Microdeadlines.framework */ = {isa = PBXFileReference; explicitFileType = wrapper.framework; includeInIndex = 0; path = Pods_Microdeadlines.framework; sourceTree = BUILT_PRODUCTS_DIR; };
		3BDC93A8681FF8A97F21422B /* Pods-Microdeadlines.debug.xcconfig */ = {isa = PBXFileReference; includeInIndex = 1; lastKnownFileType = text.xcconfig; name = "Pods-Microdeadlines.debug.xcconfig"; path = "Pods/Target Support Files/Pods-Microdeadlines/Pods-Microdeadlines.debug.xcconfig"; sourceTree = "<group>"; };
		630230101FDCE1B600B9747C /* Microdeadlines.app */ = {isa = PBXFileReference; explicitFileType = wrapper.application; includeInIndex = 0; path = Microdeadlines.app; sourceTree = BUILT_PRODUCTS_DIR; };
		630230131FDCE1B600B9747C /* AppDelegate.swift */ = {isa = PBXFileReference; lastKnownFileType = sourcecode.swift; path = AppDelegate.swift; sourceTree = "<group>"; };
		630230181FDCE1B600B9747C /* Base */ = {isa = PBXFileReference; lastKnownFileType = file.storyboard; name = Base; path = Base.lproj/Main.storyboard; sourceTree = "<group>"; };
		6302301A1FDCE1B600B9747C /* Assets.xcassets */ = {isa = PBXFileReference; lastKnownFileType = folder.assetcatalog; path = Assets.xcassets; sourceTree = "<group>"; };
		6302301D1FDCE1B600B9747C /* Base */ = {isa = PBXFileReference; lastKnownFileType = file.storyboard; name = Base; path = Base.lproj/LaunchScreen.storyboard; sourceTree = "<group>"; };
		6302301F1FDCE1B600B9747C /* Info.plist */ = {isa = PBXFileReference; lastKnownFileType = text.plist.xml; path = Info.plist; sourceTree = "<group>"; };
		630230261FDCE36100B9747C /* Constants.swift */ = {isa = PBXFileReference; lastKnownFileType = sourcecode.swift; path = Constants.swift; sourceTree = "<group>"; };
		631E29BF2013BAE10023E5F2 /* EditHabitViewController.swift */ = {isa = PBXFileReference; lastKnownFileType = sourcecode.swift; path = EditHabitViewController.swift; sourceTree = "<group>"; };
		6342BF081FDCF239001E2D0C /* HabitViewController.swift */ = {isa = PBXFileReference; lastKnownFileType = sourcecode.swift; path = HabitViewController.swift; sourceTree = "<group>"; };
		6342BF0A1FDCF4C8001E2D0C /* TaskTableViewCell.swift */ = {isa = PBXFileReference; lastKnownFileType = sourcecode.swift; path = TaskTableViewCell.swift; sourceTree = "<group>"; };
		6342BF0D1FDCF778001E2D0C /* Task.swift */ = {isa = PBXFileReference; lastKnownFileType = sourcecode.swift; path = Task.swift; sourceTree = "<group>"; };
		639E167B1FDCFCAB007AACB2 /* AddTaskViewController.swift */ = {isa = PBXFileReference; lastKnownFileType = sourcecode.swift; path = AddTaskViewController.swift; sourceTree = "<group>"; };
		639E167E1FDD0553007AACB2 /* Extensions.swift */ = {isa = PBXFileReference; lastKnownFileType = sourcecode.swift; path = Extensions.swift; sourceTree = "<group>"; };
		639E16811FDD0D5B007AACB2 /* TaskProgressViewController.swift */ = {isa = PBXFileReference; lastKnownFileType = sourcecode.swift; path = TaskProgressViewController.swift; sourceTree = "<group>"; };
		C389B8C257E804DAFFD6CE63 /* Pods-Microdeadlines.release.xcconfig */ = {isa = PBXFileReference; includeInIndex = 1; lastKnownFileType = text.xcconfig; name = "Pods-Microdeadlines.release.xcconfig"; path = "Pods/Target Support Files/Pods-Microdeadlines/Pods-Microdeadlines.release.xcconfig"; sourceTree = "<group>"; };
/* End PBXFileReference section */

/* Begin PBXFrameworksBuildPhase section */
		6302300D1FDCE1B600B9747C /* Frameworks */ = {
			isa = PBXFrameworksBuildPhase;
			buildActionMask = 2147483647;
			files = (
				73F91FF3CBBA53B104FF476F /* Pods_Microdeadlines.framework in Frameworks */,
			);
			runOnlyForDeploymentPostprocessing = 0;
		};
/* End PBXFrameworksBuildPhase section */

/* Begin PBXGroup section */
		630230071FDCE1B600B9747C = {
			isa = PBXGroup;
			children = (
				630230121FDCE1B600B9747C /* Microdeadlines */,
				630230111FDCE1B600B9747C /* Products */,
				8D6697FF9C718497A4D0AE9A /* Pods */,
				69C42696002D7258B72098B2 /* Frameworks */,
			);
			sourceTree = "<group>";
		};
		630230111FDCE1B600B9747C /* Products */ = {
			isa = PBXGroup;
			children = (
				630230101FDCE1B600B9747C /* Microdeadlines.app */,
			);
			name = Products;
			sourceTree = "<group>";
		};
		630230121FDCE1B600B9747C /* Microdeadlines */ = {
			isa = PBXGroup;
			children = (
				6302302F1FDCE7F000B9747C /* AppDelegate */,
				6302302C1FDCE7CC00B9747C /* Controllers */,
				6302302A1FDCE7C300B9747C /* Models */,
				6302302E1FDCE7E300B9747C /* Resources */,
				6302302D1FDCE7D400B9747C /* Utils */,
				6302302B1FDCE7C900B9747C /* Views */,
			);
			path = Microdeadlines;
			sourceTree = "<group>";
		};
		6302302A1FDCE7C300B9747C /* Models */ = {
			isa = PBXGroup;
			children = (
				6342BF0D1FDCF778001E2D0C /* Task.swift */,
			);
			path = Models;
			sourceTree = "<group>";
		};
		6302302B1FDCE7C900B9747C /* Views */ = {
			isa = PBXGroup;
			children = (
				6302301C1FDCE1B600B9747C /* LaunchScreen.storyboard */,
				630230171FDCE1B600B9747C /* Main.storyboard */,
				6342BF0A1FDCF4C8001E2D0C /* TaskTableViewCell.swift */,
			);
			path = Views;
			sourceTree = "<group>";
		};
		6302302C1FDCE7CC00B9747C /* Controllers */ = {
			isa = PBXGroup;
			children = (
				631E29BC2013BA9B0023E5F2 /* Habit */,
				639E16811FDD0D5B007AACB2 /* TaskProgressViewController.swift */,
			);
			path = Controllers;
			sourceTree = "<group>";
		};
		6302302D1FDCE7D400B9747C /* Utils */ = {
			isa = PBXGroup;
			children = (
				630230261FDCE36100B9747C /* Constants.swift */,
				6302301F1FDCE1B600B9747C /* Info.plist */,
				639E167E1FDD0553007AACB2 /* Extensions.swift */,
			);
			path = Utils;
			sourceTree = "<group>";
		};
		6302302E1FDCE7E300B9747C /* Resources */ = {
			isa = PBXGroup;
			children = (
				6302301A1FDCE1B600B9747C /* Assets.xcassets */,
			);
			path = Resources;
			sourceTree = "<group>";
		};
		6302302F1FDCE7F000B9747C /* AppDelegate */ = {
			isa = PBXGroup;
			children = (
				630230131FDCE1B600B9747C /* AppDelegate.swift */,
			);
			path = AppDelegate;
			sourceTree = "<group>";
		};
		631E29BC2013BA9B0023E5F2 /* Habit */ = {
			isa = PBXGroup;
			children = (
				6342BF081FDCF239001E2D0C /* HabitViewController.swift */,
				639E167B1FDCFCAB007AACB2 /* AddTaskViewController.swift */,
				631E29BF2013BAE10023E5F2 /* EditHabitViewController.swift */,
			);
			path = Habit;
			sourceTree = "<group>";
		};
		69C42696002D7258B72098B2 /* Frameworks */ = {
			isa = PBXGroup;
			children = (
				04A9945848E874158E3C53B7 /* Pods_Microdeadlines.framework */,
			);
			name = Frameworks;
			sourceTree = "<group>";
		};
		8D6697FF9C718497A4D0AE9A /* Pods */ = {
			isa = PBXGroup;
			children = (
				3BDC93A8681FF8A97F21422B /* Pods-Microdeadlines.debug.xcconfig */,
				C389B8C257E804DAFFD6CE63 /* Pods-Microdeadlines.release.xcconfig */,
			);
			name = Pods;
			sourceTree = "<group>";
		};
/* End PBXGroup section */

/* Begin PBXNativeTarget section */
		6302300F1FDCE1B600B9747C /* Microdeadlines */ = {
			isa = PBXNativeTarget;
			buildConfigurationList = 630230221FDCE1B600B9747C /* Build configuration list for PBXNativeTarget "Microdeadlines" */;
			buildPhases = (
				95A5FC67D71F7B96ED5AEFC8 /* [CP] Check Pods Manifest.lock */,
				6302300C1FDCE1B600B9747C /* Sources */,
				6302300D1FDCE1B600B9747C /* Frameworks */,
				6302300E1FDCE1B600B9747C /* Resources */,
				36FF27F863598C1DDAF7010A /* [CP] Embed Pods Frameworks */,
				0111C4522D9ED29F5D2C5FA2 /* [CP] Copy Pods Resources */,
			);
			buildRules = (
			);
			dependencies = (
			);
			name = Microdeadlines;
			productName = Microdeadlines;
			productReference = 630230101FDCE1B600B9747C /* Microdeadlines.app */;
			productType = "com.apple.product-type.application";
		};
/* End PBXNativeTarget section */

/* Begin PBXProject section */
		630230081FDCE1B600B9747C /* Project object */ = {
			isa = PBXProject;
			attributes = {
				LastSwiftUpdateCheck = 0920;
				LastUpgradeCheck = 0920;
				ORGANIZATIONNAME = "Jayven Nhan";
				TargetAttributes = {
					6302300F1FDCE1B600B9747C = {
						CreatedOnToolsVersion = 9.2;
						ProvisioningStyle = Automatic;
						SystemCapabilities = {
							com.apple.BackgroundModes = {
								enabled = 1;
							};
						};
					};
				};
			};
			buildConfigurationList = 6302300B1FDCE1B600B9747C /* Build configuration list for PBXProject "Microdeadlines" */;
			compatibilityVersion = "Xcode 8.0";
			developmentRegion = en;
			hasScannedForEncodings = 0;
			knownRegions = (
				en,
				Base,
			);
			mainGroup = 630230071FDCE1B600B9747C;
			productRefGroup = 630230111FDCE1B600B9747C /* Products */;
			projectDirPath = "";
			projectRoot = "";
			targets = (
				6302300F1FDCE1B600B9747C /* Microdeadlines */,
			);
		};
/* End PBXProject section */

/* Begin PBXResourcesBuildPhase section */
		6302300E1FDCE1B600B9747C /* Resources */ = {
			isa = PBXResourcesBuildPhase;
			buildActionMask = 2147483647;
			files = (
				6302301E1FDCE1B600B9747C /* LaunchScreen.storyboard in Resources */,
				6302301B1FDCE1B600B9747C /* Assets.xcassets in Resources */,
				630230191FDCE1B600B9747C /* Main.storyboard in Resources */,
			);
			runOnlyForDeploymentPostprocessing = 0;
		};
/* End PBXResourcesBuildPhase section */

/* Begin PBXShellScriptBuildPhase section */
		0111C4522D9ED29F5D2C5FA2 /* [CP] Copy Pods Resources */ = {
			isa = PBXShellScriptBuildPhase;
			buildActionMask = 2147483647;
			files = (
			);
			inputPaths = (
			);
			name = "[CP] Copy Pods Resources";
			outputPaths = (
			);
			runOnlyForDeploymentPostprocessing = 0;
			shellPath = /bin/sh;
			shellScript = "\"${SRCROOT}/Pods/Target Support Files/Pods-Microdeadlines/Pods-Microdeadlines-resources.sh\"\n";
			showEnvVarsInLog = 0;
		};
		36FF27F863598C1DDAF7010A /* [CP] Embed Pods Frameworks */ = {
			isa = PBXShellScriptBuildPhase;
			buildActionMask = 2147483647;
			files = (
			);
			inputPaths = (
				"${SRCROOT}/Pods/Target Support Files/Pods-Microdeadlines/Pods-Microdeadlines-frameworks.sh",
				"${BUILT_PRODUCTS_DIR}/Each/Each.framework",
				"${BUILT_PRODUCTS_DIR}/MKRingProgressView/MKRingProgressView.framework",
				"${BUILT_PRODUCTS_DIR}/Realm/Realm.framework",
				"${BUILT_PRODUCTS_DIR}/RealmSwift/RealmSwift.framework",
				"${BUILT_PRODUCTS_DIR}/SwiftyTimer/SwiftyTimer.framework",
			);
			name = "[CP] Embed Pods Frameworks";
			outputPaths = (
				"${TARGET_BUILD_DIR}/${FRAMEWORKS_FOLDER_PATH}/Each.framework",
				"${TARGET_BUILD_DIR}/${FRAMEWORKS_FOLDER_PATH}/MKRingProgressView.framework",
				"${TARGET_BUILD_DIR}/${FRAMEWORKS_FOLDER_PATH}/Realm.framework",
				"${TARGET_BUILD_DIR}/${FRAMEWORKS_FOLDER_PATH}/RealmSwift.framework",
				"${TARGET_BUILD_DIR}/${FRAMEWORKS_FOLDER_PATH}/SwiftyTimer.framework",
			);
			runOnlyForDeploymentPostprocessing = 0;
			shellPath = /bin/sh;
			shellScript = "\"${SRCROOT}/Pods/Target Support Files/Pods-Microdeadlines/Pods-Microdeadlines-frameworks.sh\"\n";
			showEnvVarsInLog = 0;
		};
		95A5FC67D71F7B96ED5AEFC8 /* [CP] Check Pods Manifest.lock */ = {
			isa = PBXShellScriptBuildPhase;
			buildActionMask = 2147483647;
			files = (
			);
			inputPaths = (
				"${PODS_PODFILE_DIR_PATH}/Podfile.lock",
				"${PODS_ROOT}/Manifest.lock",
			);
			name = "[CP] Check Pods Manifest.lock";
			outputPaths = (
				"$(DERIVED_FILE_DIR)/Pods-Microdeadlines-checkManifestLockResult.txt",
			);
			runOnlyForDeploymentPostprocessing = 0;
			shellPath = /bin/sh;
			shellScript = "diff \"${PODS_PODFILE_DIR_PATH}/Podfile.lock\" \"${PODS_ROOT}/Manifest.lock\" > /dev/null\nif [ $? != 0 ] ; then\n    # print error to STDERR\n    echo \"error: The sandbox is not in sync with the Podfile.lock. Run 'pod install' or update your CocoaPods installation.\" >&2\n    exit 1\nfi\n# This output is used by Xcode 'outputs' to avoid re-running this script phase.\necho \"SUCCESS\" > \"${SCRIPT_OUTPUT_FILE_0}\"\n";
			showEnvVarsInLog = 0;
		};
/* End PBXShellScriptBuildPhase section */

/* Begin PBXSourcesBuildPhase section */
		6302300C1FDCE1B600B9747C /* Sources */ = {
			isa = PBXSourcesBuildPhase;
			buildActionMask = 2147483647;
			files = (
				6342BF091FDCF239001E2D0C /* HabitViewController.swift in Sources */,
				639E167C1FDCFCAB007AACB2 /* AddTaskViewController.swift in Sources */,
				6342BF0B1FDCF4C8001E2D0C /* TaskTableViewCell.swift in Sources */,
				6342BF0E1FDCF778001E2D0C /* Task.swift in Sources */,
				639E16821FDD0D5B007AACB2 /* TaskProgressViewController.swift in Sources */,
				630230141FDCE1B600B9747C /* AppDelegate.swift in Sources */,
				631E29C02013BAE10023E5F2 /* EditHabitViewController.swift in Sources */,
				630230271FDCE36100B9747C /* Constants.swift in Sources */,
				639E167F1FDD0553007AACB2 /* Extensions.swift in Sources */,
			);
			runOnlyForDeploymentPostprocessing = 0;
		};
/* End PBXSourcesBuildPhase section */

/* Begin PBXVariantGroup section */
		630230171FDCE1B600B9747C /* Main.storyboard */ = {
			isa = PBXVariantGroup;
			children = (
				630230181FDCE1B600B9747C /* Base */,
			);
			name = Main.storyboard;
			sourceTree = "<group>";
		};
		6302301C1FDCE1B600B9747C /* LaunchScreen.storyboard */ = {
			isa = PBXVariantGroup;
			children = (
				6302301D1FDCE1B600B9747C /* Base */,
			);
			name = LaunchScreen.storyboard;
			sourceTree = "<group>";
		};
/* End PBXVariantGroup section */

/* Begin XCBuildConfiguration section */
		630230201FDCE1B600B9747C /* Debug */ = {
			isa = XCBuildConfiguration;
			buildSettings = {
				ALWAYS_SEARCH_USER_PATHS = NO;
				CLANG_ANALYZER_NONNULL = YES;
				CLANG_ANALYZER_NUMBER_OBJECT_CONVERSION = YES_AGGRESSIVE;
				CLANG_CXX_LANGUAGE_STANDARD = "gnu++14";
				CLANG_CXX_LIBRARY = "libc++";
				CLANG_ENABLE_MODULES = YES;
				CLANG_ENABLE_OBJC_ARC = YES;
				CLANG_WARN_BLOCK_CAPTURE_AUTORELEASING = YES;
				CLANG_WARN_BOOL_CONVERSION = YES;
				CLANG_WARN_COMMA = YES;
				CLANG_WARN_CONSTANT_CONVERSION = YES;
				CLANG_WARN_DIRECT_OBJC_ISA_USAGE = YES_ERROR;
				CLANG_WARN_DOCUMENTATION_COMMENTS = YES;
				CLANG_WARN_EMPTY_BODY = YES;
				CLANG_WARN_ENUM_CONVERSION = YES;
				CLANG_WARN_INFINITE_RECURSION = YES;
				CLANG_WARN_INT_CONVERSION = YES;
				CLANG_WARN_NON_LITERAL_NULL_CONVERSION = YES;
				CLANG_WARN_OBJC_LITERAL_CONVERSION = YES;
				CLANG_WARN_OBJC_ROOT_CLASS = YES_ERROR;
				CLANG_WARN_RANGE_LOOP_ANALYSIS = YES;
				CLANG_WARN_STRICT_PROTOTYPES = YES;
				CLANG_WARN_SUSPICIOUS_MOVE = YES;
				CLANG_WARN_UNGUARDED_AVAILABILITY = YES_AGGRESSIVE;
				CLANG_WARN_UNREACHABLE_CODE = YES;
				CLANG_WARN__DUPLICATE_METHOD_MATCH = YES;
				CODE_SIGN_IDENTITY = "iPhone Developer";
				COPY_PHASE_STRIP = NO;
				DEBUG_INFORMATION_FORMAT = dwarf;
				ENABLE_STRICT_OBJC_MSGSEND = YES;
				ENABLE_TESTABILITY = YES;
				GCC_C_LANGUAGE_STANDARD = gnu11;
				GCC_DYNAMIC_NO_PIC = NO;
				GCC_NO_COMMON_BLOCKS = YES;
				GCC_OPTIMIZATION_LEVEL = 0;
				GCC_PREPROCESSOR_DEFINITIONS = (
					"DEBUG=1",
					"$(inherited)",
				);
				GCC_WARN_64_TO_32_BIT_CONVERSION = YES;
				GCC_WARN_ABOUT_RETURN_TYPE = YES_ERROR;
				GCC_WARN_UNDECLARED_SELECTOR = YES;
				GCC_WARN_UNINITIALIZED_AUTOS = YES_AGGRESSIVE;
				GCC_WARN_UNUSED_FUNCTION = YES;
				GCC_WARN_UNUSED_VARIABLE = YES;
				IPHONEOS_DEPLOYMENT_TARGET = 11.2;
				MTL_ENABLE_DEBUG_INFO = YES;
				ONLY_ACTIVE_ARCH = YES;
				SDKROOT = iphoneos;
				SWIFT_ACTIVE_COMPILATION_CONDITIONS = DEBUG;
				SWIFT_OPTIMIZATION_LEVEL = "-Onone";
			};
			name = Debug;
		};
		630230211FDCE1B600B9747C /* Release */ = {
			isa = XCBuildConfiguration;
			buildSettings = {
				ALWAYS_SEARCH_USER_PATHS = NO;
				CLANG_ANALYZER_NONNULL = YES;
				CLANG_ANALYZER_NUMBER_OBJECT_CONVERSION = YES_AGGRESSIVE;
				CLANG_CXX_LANGUAGE_STANDARD = "gnu++14";
				CLANG_CXX_LIBRARY = "libc++";
				CLANG_ENABLE_MODULES = YES;
				CLANG_ENABLE_OBJC_ARC = YES;
				CLANG_WARN_BLOCK_CAPTURE_AUTORELEASING = YES;
				CLANG_WARN_BOOL_CONVERSION = YES;
				CLANG_WARN_COMMA = YES;
				CLANG_WARN_CONSTANT_CONVERSION = YES;
				CLANG_WARN_DIRECT_OBJC_ISA_USAGE = YES_ERROR;
				CLANG_WARN_DOCUMENTATION_COMMENTS = YES;
				CLANG_WARN_EMPTY_BODY = YES;
				CLANG_WARN_ENUM_CONVERSION = YES;
				CLANG_WARN_INFINITE_RECURSION = YES;
				CLANG_WARN_INT_CONVERSION = YES;
				CLANG_WARN_NON_LITERAL_NULL_CONVERSION = YES;
				CLANG_WARN_OBJC_LITERAL_CONVERSION = YES;
				CLANG_WARN_OBJC_ROOT_CLASS = YES_ERROR;
				CLANG_WARN_RANGE_LOOP_ANALYSIS = YES;
				CLANG_WARN_STRICT_PROTOTYPES = YES;
				CLANG_WARN_SUSPICIOUS_MOVE = YES;
				CLANG_WARN_UNGUARDED_AVAILABILITY = YES_AGGRESSIVE;
				CLANG_WARN_UNREACHABLE_CODE = YES;
				CLANG_WARN__DUPLICATE_METHOD_MATCH = YES;
				CODE_SIGN_IDENTITY = "iPhone Developer";
				COPY_PHASE_STRIP = NO;
				DEBUG_INFORMATION_FORMAT = "dwarf-with-dsym";
				ENABLE_NS_ASSERTIONS = NO;
				ENABLE_STRICT_OBJC_MSGSEND = YES;
				GCC_C_LANGUAGE_STANDARD = gnu11;
				GCC_NO_COMMON_BLOCKS = YES;
				GCC_WARN_64_TO_32_BIT_CONVERSION = YES;
				GCC_WARN_ABOUT_RETURN_TYPE = YES_ERROR;
				GCC_WARN_UNDECLARED_SELECTOR = YES;
				GCC_WARN_UNINITIALIZED_AUTOS = YES_AGGRESSIVE;
				GCC_WARN_UNUSED_FUNCTION = YES;
				GCC_WARN_UNUSED_VARIABLE = YES;
				IPHONEOS_DEPLOYMENT_TARGET = 11.2;
				MTL_ENABLE_DEBUG_INFO = NO;
				SDKROOT = iphoneos;
				SWIFT_OPTIMIZATION_LEVEL = "-Owholemodule";
				VALIDATE_PRODUCT = YES;
			};
			name = Release;
		};
		630230231FDCE1B600B9747C /* Debug */ = {
			isa = XCBuildConfiguration;
			baseConfigurationReference = 3BDC93A8681FF8A97F21422B /* Pods-Microdeadlines.debug.xcconfig */;
			buildSettings = {
				ASSETCATALOG_COMPILER_APPICON_NAME = AppIcon;
				CODE_SIGN_STYLE = Automatic;
				DEVELOPMENT_TEAM = 3V8EPWEYFE;
				INFOPLIST_FILE = "$(SRCROOT)/Microdeadlines/Utils/Info.plist";
				IPHONEOS_DEPLOYMENT_TARGET = 11.0;
				LD_RUNPATH_SEARCH_PATHS = "$(inherited) @executable_path/Frameworks";
				PRODUCT_BUNDLE_IDENTIFIER = com.jayvenn.app.Microdeadline;
				PRODUCT_NAME = "$(TARGET_NAME)";
				SWIFT_VERSION = 4.0;
				TARGETED_DEVICE_FAMILY = "1,2";
			};
			name = Debug;
		};
		630230241FDCE1B600B9747C /* Release */ = {
			isa = XCBuildConfiguration;
			baseConfigurationReference = C389B8C257E804DAFFD6CE63 /* Pods-Microdeadlines.release.xcconfig */;
			buildSettings = {
				ASSETCATALOG_COMPILER_APPICON_NAME = AppIcon;
				CODE_SIGN_STYLE = Automatic;
				DEVELOPMENT_TEAM = 3V8EPWEYFE;
				INFOPLIST_FILE = "$(SRCROOT)/Microdeadlines/Utils/Info.plist";
				IPHONEOS_DEPLOYMENT_TARGET = 11.0;
				LD_RUNPATH_SEARCH_PATHS = "$(inherited) @executable_path/Frameworks";
				PRODUCT_BUNDLE_IDENTIFIER = com.jayvenn.app.Microdeadline;
				PRODUCT_NAME = "$(TARGET_NAME)";
				SWIFT_VERSION = 4.0;
				TARGETED_DEVICE_FAMILY = "1,2";
			};
			name = Release;
		};
/* End XCBuildConfiguration section */

/* Begin XCConfigurationList section */
		6302300B1FDCE1B600B9747C /* Build configuration list for PBXProject "Microdeadlines" */ = {
			isa = XCConfigurationList;
			buildConfigurations = (
				630230201FDCE1B600B9747C /* Debug */,
				630230211FDCE1B600B9747C /* Release */,
			);
			defaultConfigurationIsVisible = 0;
			defaultConfigurationName = Release;
		};
		630230221FDCE1B600B9747C /* Build configuration list for PBXNativeTarget "Microdeadlines" */ = {
			isa = XCConfigurationList;
			buildConfigurations = (
				630230231FDCE1B600B9747C /* Debug */,
				630230241FDCE1B600B9747C /* Release */,
			);
			defaultConfigurationIsVisible = 0;
			defaultConfigurationName = Release;
		};
/* End XCConfigurationList section */
	};
	rootObject = 630230081FDCE1B600B9747C /* Project object */;
}
